
Microsoft Visual Studio Solution File, Format Version 12.00
# Visual Studio Version 16
VisualStudioVersion = 16.0.32802.440
MinimumVisualStudioVersion = 10.0.40219.1
Project("{9A19103F-16F7-4668-BE54-9A1E7A4F7556}") = "Project", "Project\Project.csproj", "{9B629AC6-DCFD-4F38-9A54-3684FAA9B812}"
EndProject
Project("{9A19103F-16F7-4668-BE54-9A1E7A4F7556}") = "EntityLayer", "EntityLayer\EntityLayer.csproj", "{35F3B6BB-93D4-413A-A612-2E82593C03F1}"
EndProject
Project("{9A19103F-16F7-4668-BE54-9A1E7A4F7556}") = "DataAccessLayer", "DataAccessLayer\DataAccessLayer.csproj", "{6E85C0AB-9550-4C8E-98BD-05FF9F091B8A}"
EndProject
Project("{9A19103F-16F7-4668-BE54-9A1E7A4F7556}") = "BusinessLayer", "BusinessLayer\BusinessLayer.csproj", "{80A08137-5B43-4832-BB36-C566CA6F9E5A}"
EndProject
Project("{9A19103F-16F7-4668-BE54-9A1E7A4F7556}") = "ProjectApi", "ProjectApi\ProjectApi.csproj", "{98794537-E612-481B-ABAE-6D9B2A9F64BA}"
EndProject
Project("{9A19103F-16F7-4668-BE54-9A1E7A4F7556}") = "ProjectJwt", "ProjectJwt\ProjectJwt.csproj", "{598F1BC1-7834-4170-BD63-F02103EC0533}"
EndProject
Global
	GlobalSection(SolutionConfigurationPlatforms) = preSolution
		Debug|Any CPU = Debug|Any CPU
		Release|Any CPU = Release|Any CPU
	EndGlobalSection
	GlobalSection(ProjectConfigurationPlatforms) = postSolution
		{9B629AC6-DCFD-4F38-9A54-3684FAA9B812}.Debug|Any CPU.ActiveCfg = Debug|Any CPU
		{9B629AC6-DCFD-4F38-9A54-3684FAA9B812}.Debug|Any CPU.Build.0 = Debug|Any CPU
		{9B629AC6-DCFD-4F38-9A54-3684FAA9B812}.Release|Any CPU.ActiveCfg = Release|Any CPU
		{9B629AC6-DCFD-4F38-9A54-3684FAA9B812}.Release|Any CPU.Build.0 = Release|Any CPU
		{35F3B6BB-93D4-413A-A612-2E82593C03F1}.Debug|Any CPU.ActiveCfg = Debug|Any CPU
		{35F3B6BB-93D4-413A-A612-2E82593C03F1}.Debug|Any CPU.Build.0 = Debug|Any CPU
		{35F3B6BB-93D4-413A-A612-2E82593C03F1}.Release|Any CPU.ActiveCfg = Release|Any CPU
		{35F3B6BB-93D4-413A-A612-2E82593C03F1}.Release|Any CPU.Build.0 = Release|Any CPU
		{6E85C0AB-9550-4C8E-98BD-05FF9F091B8A}.Debug|Any CPU.ActiveCfg = Debug|Any CPU
		{6E85C0AB-9550-4C8E-98BD-05FF9F091B8A}.Debug|Any CPU.Build.0 = Debug|Any CPU
		{6E85C0AB-9550-4C8E-98BD-05FF9F091B8A}.Release|Any CPU.ActiveCfg = Release|Any CPU
		{6E85C0AB-9550-4C8E-98BD-05FF9F091B8A}.Release|Any CPU.Build.0 = Release|Any CPU
		{80A08137-5B43-4832-BB36-C566CA6F9E5A}.Debug|Any CPU.ActiveCfg = Debug|Any CPU
		{80A08137-5B43-4832-BB36-C566CA6F9E5A}.Debug|Any CPU.Build.0 = Debug|Any CPU
		{80A08137-5B43-4832-BB36-C566CA6F9E5A}.Release|Any CPU.ActiveCfg = Release|Any CPU
		{80A08137-5B43-4832-BB36-C566CA6F9E5A}.Release|Any CPU.Build.0 = Release|Any CPU
		{98794537-E612-481B-ABAE-6D9B2A9F64BA}.Debug|Any CPU.ActiveCfg = Debug|Any CPU
		{98794537-E612-481B-ABAE-6D9B2A9F64BA}.Debug|Any CPU.Build.0 = Debug|Any CPU
		{98794537-E612-481B-ABAE-6D9B2A9F64BA}.Release|Any CPU.ActiveCfg = Release|Any CPU
		{98794537-E612-481B-ABAE-6D9B2A9F64BA}.Release|Any CPU.Build.0 = Release|Any CPU
		{598F1BC1-7834-4170-BD63-F02103EC0533}.Debug|Any CPU.ActiveCfg = Debug|Any CPU
		{598F1BC1-7834-4170-BD63-F02103EC0533}.Debug|Any CPU.Build.0 = Debug|Any CPU
		{598F1BC1-7834-4170-BD63-F02103EC0533}.Release|Any CPU.ActiveCfg = Release|Any CPU
		{598F1BC1-7834-4170-BD63-F02103EC0533}.Release|Any CPU.Build.0 = Release|Any CPU
	EndGlobalSection
	GlobalSection(SolutionProperties) = preSolution
		HideSolutionNode = FALSE
	EndGlobalSection
	GlobalSection(ExtensibilityGlobals) = postSolution
		SolutionGuid = {20EA1B4B-1A4C-4F56-AD72-C629DD116EF9}
	EndGlobalSection
EndGlobal
